
Microsoft Visual Studio Solution File, Format Version 12.00
# Visual Studio Version 17
VisualStudioVersion = 17.10.35013.160
MinimumVisualStudioVersion = 10.0.40219.1
Project("{FAE04EC0-301F-11D3-BF4B-00C04F79EFBC}") = "Static", "Static.csproj", "{DB9D4613-8F2B-4B74-8EED-F00770E302C1}"
EndProject
Global
	GlobalSection(SolutionConfigurationPlatforms) = preSolution
		Debug|Any CPU = Debug|Any CPU
		Release|Any CPU = Release|Any CPU
	EndGlobalSection
	GlobalSection(ProjectConfigurationPlatforms) = postSolution
		{DB9D4613-8F2B-4B74-8EED-F00770E302C1}.Debug|Any CPU.ActiveCfg = Debug|Any CPU
		{DB9D4613-8F2B-4B74-8EED-F00770E302C1}.Debug|Any CPU.Build.0 = Debug|Any CPU
		{DB9D4613-8F2B-4B74-8EED-F00770E302C1}.Release|Any CPU.ActiveCfg = Release|Any CPU
		{DB9D4613-8F2B-4B74-8EED-F00770E302C1}.Release|Any CPU.Build.0 = Release|Any CPU
	EndGlobalSection
	GlobalSection(SolutionProperties) = preSolution
		HideSolutionNode = FALSE
	EndGlobalSection
	GlobalSection(ExtensibilityGlobals) = postSolution
		SolutionGuid = {8902DAE4-540E-4C0B-AE20-1DB3964D5A8F}
	EndGlobalSection
EndGlobal
